
Microsoft Visual Studio Solution File, Format Version 12.00
# Visual Studio Version 16
VisualStudioVersion = 16.0.29424.173
MinimumVisualStudioVersion = 10.0.40219.1
Project("{FAE04EC0-301F-11D3-BF4B-00C04F79EFBC}") = "WebAppNAW", "WebAppNAW\WebAppNAW.csproj", "{462D4C5C-A7A1-4652-9F3D-1DEC2ECC9DB7}"
EndProject
Global
	GlobalSection(SolutionConfigurationPlatforms) = preSolution
		Debug|Any CPU = Debug|Any CPU
		Release|Any CPU = Release|Any CPU
	EndGlobalSection
	GlobalSection(ProjectConfigurationPlatforms) = postSolution
		{462D4C5C-A7A1-4652-9F3D-1DEC2ECC9DB7}.Debug|Any CPU.ActiveCfg = Debug|Any CPU
		{462D4C5C-A7A1-4652-9F3D-1DEC2ECC9DB7}.Debug|Any CPU.Build.0 = Debug|Any CPU
		{462D4C5C-A7A1-4652-9F3D-1DEC2ECC9DB7}.Release|Any CPU.ActiveCfg = Release|Any CPU
		{462D4C5C-A7A1-4652-9F3D-1DEC2ECC9DB7}.Release|Any CPU.Build.0 = Release|Any CPU
	EndGlobalSection
	GlobalSection(SolutionProperties) = preSolution
		HideSolutionNode = FALSE
	EndGlobalSection
	GlobalSection(ExtensibilityGlobals) = postSolution
		SolutionGuid = {7E0FF976-FE9F-4996-84B4-C2D05F1D8BFE}
	EndGlobalSection
EndGlobal
